{
  "name": "sparql",
  "lockfileVersion": 3,
  "requires": true,
  "packages": {
    "": {
      "dependencies": {
        "eyeling": "^1.22.12"
      }
    },
    "node_modules/eyeling": {
      "version": "1.22.12",
      "resolved": "https://registry.npmjs.org/eyeling/-/eyeling-1.22.12.tgz",
      "integrity": "sha512-h4D+x/nOkzFwhJptLZC41tVGmaQTODmxuEGuxkg+415QJfWwVDfYz3wBAYGwRbWsbXSs7WO8V3PmmlsiMVKBJw==",
      "license": "MIT",
      "bin": {
        "eyeling": "bin/eyeling.cjs"
      },
      "engines": {
        "node": ">=18"
      }
    }
  }
}
