{
  "name": "eye-shacl",
  "version": "1.0.0",
  "lockfileVersion": 3,
  "requires": true,
  "packages": {
    "": {
      "name": "eye-shacl",
      "version": "1.0.0",
      "license": "ISC",
      "dependencies": {
        "eyeling": "^1.21.10"
      }
    },
    "node_modules/eyeling": {
      "version": "1.21.10",
      "resolved": "https://registry.npmjs.org/eyeling/-/eyeling-1.21.10.tgz",
      "integrity": "sha512-w9HzNNSDX4jvaEbY0Ps+lsbJYUMYjL5ZPdukLu2zFn0rMxWQh78sUtTitMDEm5dwfKkfP9i7LTb9oOF9gJf0sA==",
      "license": "MIT",
      "bin": {
        "eyeling": "bin/eyeling.cjs"
      },
      "engines": {
        "node": ">=18"
      }
    }
  }
}
